// !$*UTF8*$!
{
	archiveVersion = 1;
	classes = {
	};
	objectVersion = 55;
	objects = {

/* Begin PBXBuildFile section */
		0612EB189AE0579F707100E4 /* Pods_courtside.framework in Frameworks */ = {isa = PBXBuildFile; fileRef = 07F3624BA8D12B8BCA06881C /* Pods_courtside.framework */; };
		1C1D09CA78DA1D0F133C7859 /* (null) in Frameworks */ = {isa = PBXBuildFile; };
		320BA8752D6A955300E49277 /* RealTimeClipView.swift in Sources */ = {isa = PBXBuildFile; fileRef = 320BA8742D6A955300E49277 /* RealTimeClipView.swift */; };
		3287A8C12D6A24DB00B8E60C /* FirestoreManager.swift in Sources */ = {isa = PBXBuildFile; fileRef = 3287A8C02D6A24DB00B8E60C /* FirestoreManager.swift */; };
		3287A8C32D6A25DD00B8E60C /* ShotModel.swift in Sources */ = {isa = PBXBuildFile; fileRef = 3287A8C22D6A25DD00B8E60C /* ShotModel.swift */; };
		3287A8C52D6A25F000B8E60C /* GameModel.swift in Sources */ = {isa = PBXBuildFile; fileRef = 3287A8C42D6A25F000B8E60C /* GameModel.swift */; };
		3287A8C72D6A260100B8E60C /* UserModel.swift in Sources */ = {isa = PBXBuildFile; fileRef = 3287A8C62D6A260100B8E60C /* UserModel.swift */; };
		3293ADA42D6A0EBC0061A7EB /* GoogleService-Info.plist in Resources */ = {isa = PBXBuildFile; fileRef = 3293ADA32D6A0EBC0061A7EB /* GoogleService-Info.plist */; };
		32E2ED762D699E8D00E15762 /* courtsideApp.swift in Sources */ = {isa = PBXBuildFile; fileRef = 32E2ED752D699E8D00E15762 /* courtsideApp.swift */; };
		32E2ED782D699E8D00E15762 /* ContentView.swift in Sources */ = {isa = PBXBuildFile; fileRef = 32E2ED772D699E8D00E15762 /* ContentView.swift */; };
		32E2ED7A2D699E8E00E15762 /* Assets.xcassets in Resources */ = {isa = PBXBuildFile; fileRef = 32E2ED792D699E8E00E15762 /* Assets.xcassets */; };
		32E2ED7D2D699E8E00E15762 /* Preview Assets.xcassets in Resources */ = {isa = PBXBuildFile; fileRef = 32E2ED7C2D699E8E00E15762 /* Preview Assets.xcassets */; };
		32E2ED872D699E8E00E15762 /* courtsideTests.swift in Sources */ = {isa = PBXBuildFile; fileRef = 32E2ED862D699E8E00E15762 /* courtsideTests.swift */; };
		32E2ED912D699E8E00E15762 /* courtsideUITests.swift in Sources */ = {isa = PBXBuildFile; fileRef = 32E2ED902D699E8E00E15762 /* courtsideUITests.swift */; };
		32E2ED932D699E8E00E15762 /* courtsideUITestsLaunchTests.swift in Sources */ = {isa = PBXBuildFile; fileRef = 32E2ED922D699E8E00E15762 /* courtsideUITestsLaunchTests.swift */; };
		32EB17BF2D69AB3900BBAA50 /* AuthenticationManager.swift in Sources */ = {isa = PBXBuildFile; fileRef = 32EB17BC2D69AB3900BBAA50 /* AuthenticationManager.swift */; };
		32EB17C02D69AB3900BBAA50 /* GameManager.swift in Sources */ = {isa = PBXBuildFile; fileRef = 32EB17BD2D69AB3900BBAA50 /* GameManager.swift */; };
		32EB17CB2D69AB4000BBAA50 /* HomeView.swift in Sources */ = {isa = PBXBuildFile; fileRef = 32EB17C32D69AB3F00BBAA50 /* HomeView.swift */; };
		32EB17CC2D69AB4000BBAA50 /* SettingsView.swift in Sources */ = {isa = PBXBuildFile; fileRef = 32EB17C42D69AB3F00BBAA50 /* SettingsView.swift */; };
		32EB17CF2D69AB4000BBAA50 /* AuthenticationView.swift in Sources */ = {isa = PBXBuildFile; fileRef = 32EB17C82D69AB3F00BBAA50 /* AuthenticationView.swift */; };
		32EB17D02D69AB4000BBAA50 /* SignUpView.swift in Sources */ = {isa = PBXBuildFile; fileRef = 32EB17C92D69AB3F00BBAA50 /* SignUpView.swift */; };
		32EB17D12D69AB4000BBAA50 /* GameHistoryView.swift in Sources */ = {isa = PBXBuildFile; fileRef = 32EB17CA2D69AB3F00BBAA50 /* GameHistoryView.swift */; };
		32EB17DB2D69FFBA00BBAA50 /* SideMenuView.swift in Sources */ = {isa = PBXBuildFile; fileRef = 32EB17DA2D69FFBA00BBAA50 /* SideMenuView.swift */; };
		62E68D5F2D6A3420002FE46C /* VideoPicker.swift in Sources */ = {isa = PBXBuildFile; fileRef = 62E68D5E2D6A3420002FE46C /* VideoPicker.swift */; };
		62E68D632D6A34D2002FE46C /* VideoPlayerView.swift in Sources */ = {isa = PBXBuildFile; fileRef = 62E68D622D6A34D2002FE46C /* VideoPlayerView.swift */; };
		E768A6C92D69B521006659A3 /* SideMenuType.swift in Sources */ = {isa = PBXBuildFile; fileRef = E768A6C82D69B521006659A3 /* SideMenuType.swift */; };
		E768A6D32D69B6A7006659A3 /* StatsView.swift in Sources */ = {isa = PBXBuildFile; fileRef = E768A6D22D69B6A7006659A3 /* StatsView.swift */; };
		E768A6D52D69B6B3006659A3 /* AnalyticsView.swift in Sources */ = {isa = PBXBuildFile; fileRef = E768A6D42D69B6B3006659A3 /* AnalyticsView.swift */; };
		E768A6D72D69B6C0006659A3 /* FriendsView.swift in Sources */ = {isa = PBXBuildFile; fileRef = E768A6D62D69B6C0006659A3 /* FriendsView.swift */; };
		E768A6D92D69B6CF006659A3 /* StartGameView.swift in Sources */ = {isa = PBXBuildFile; fileRef = E768A6D82D69B6CF006659A3 /* StartGameView.swift */; };
/* End PBXBuildFile section */

/* Begin PBXContainerItemProxy section */
		32E2ED832D699E8E00E15762 /* PBXContainerItemProxy */ = {
			isa = PBXContainerItemProxy;
			containerPortal = 32E2ED6A2D699E8D00E15762 /* Project object */;
			proxyType = 1;
			remoteGlobalIDString = 32E2ED712D699E8D00E15762;
			remoteInfo = courtside;
		};
		32E2ED8D2D699E8E00E15762 /* PBXContainerItemProxy */ = {
			isa = PBXContainerItemProxy;
			containerPortal = 32E2ED6A2D699E8D00E15762 /* Project object */;
			proxyType = 1;
			remoteGlobalIDString = 32E2ED712D699E8D00E15762;
			remoteInfo = courtside;
		};
/* End PBXContainerItemProxy section */

/* Begin PBXFileReference section */
		07F3624BA8D12B8BCA06881C /* Pods_courtside.framework */ = {isa = PBXFileReference; explicitFileType = wrapper.framework; includeInIndex = 0; path = Pods_courtside.framework; sourceTree = BUILT_PRODUCTS_DIR; };
		0FD2CF0963BB2059FB588009 /* Pods-courtsideTests.debug.xcconfig */ = {isa = PBXFileReference; includeInIndex = 1; lastKnownFileType = text.xcconfig; name = "Pods-courtsideTests.debug.xcconfig"; path = "Target Support Files/Pods-courtsideTests/Pods-courtsideTests.debug.xcconfig"; sourceTree = "<group>"; };
		2E315048AC9D4710C23AF222 /* Pods-courtsideTests.release.xcconfig */ = {isa = PBXFileReference; includeInIndex = 1; lastKnownFileType = text.xcconfig; name = "Pods-courtsideTests.release.xcconfig"; path = "Target Support Files/Pods-courtsideTests/Pods-courtsideTests.release.xcconfig"; sourceTree = "<group>"; };
		320BA8742D6A955300E49277 /* RealTimeClipView.swift */ = {isa = PBXFileReference; lastKnownFileType = sourcecode.swift; path = RealTimeClipView.swift; sourceTree = "<group>"; };
		3287A8C02D6A24DB00B8E60C /* FirestoreManager.swift */ = {isa = PBXFileReference; lastKnownFileType = sourcecode.swift; path = FirestoreManager.swift; sourceTree = "<group>"; };
		3287A8C22D6A25DD00B8E60C /* ShotModel.swift */ = {isa = PBXFileReference; lastKnownFileType = sourcecode.swift; path = ShotModel.swift; sourceTree = "<group>"; };
		3287A8C42D6A25F000B8E60C /* GameModel.swift */ = {isa = PBXFileReference; lastKnownFileType = sourcecode.swift; path = GameModel.swift; sourceTree = "<group>"; };
		3287A8C62D6A260100B8E60C /* UserModel.swift */ = {isa = PBXFileReference; lastKnownFileType = sourcecode.swift; path = UserModel.swift; sourceTree = "<group>"; };
		3293ADA32D6A0EBC0061A7EB /* GoogleService-Info.plist */ = {isa = PBXFileReference; fileEncoding = 4; lastKnownFileType = text.plist.xml; path = "GoogleService-Info.plist"; sourceTree = "<group>"; };
		32E2ED722D699E8D00E15762 /* courtside.app */ = {isa = PBXFileReference; explicitFileType = wrapper.application; includeInIndex = 0; path = courtside.app; sourceTree = BUILT_PRODUCTS_DIR; };
		32E2ED752D699E8D00E15762 /* courtsideApp.swift */ = {isa = PBXFileReference; lastKnownFileType = sourcecode.swift; path = courtsideApp.swift; sourceTree = "<group>"; };
		32E2ED772D699E8D00E15762 /* ContentView.swift */ = {isa = PBXFileReference; lastKnownFileType = sourcecode.swift; path = ContentView.swift; sourceTree = "<group>"; };
		32E2ED792D699E8E00E15762 /* Assets.xcassets */ = {isa = PBXFileReference; lastKnownFileType = folder.assetcatalog; path = Assets.xcassets; sourceTree = "<group>"; };
		32E2ED7C2D699E8E00E15762 /* Preview Assets.xcassets */ = {isa = PBXFileReference; lastKnownFileType = folder.assetcatalog; path = "Preview Assets.xcassets"; sourceTree = "<group>"; };
		32E2ED822D699E8E00E15762 /* courtsideTests.xctest */ = {isa = PBXFileReference; explicitFileType = wrapper.cfbundle; includeInIndex = 0; path = courtsideTests.xctest; sourceTree = BUILT_PRODUCTS_DIR; };
		32E2ED862D699E8E00E15762 /* courtsideTests.swift */ = {isa = PBXFileReference; lastKnownFileType = sourcecode.swift; path = courtsideTests.swift; sourceTree = "<group>"; };
		32E2ED8C2D699E8E00E15762 /* courtsideUITests.xctest */ = {isa = PBXFileReference; explicitFileType = wrapper.cfbundle; includeInIndex = 0; path = courtsideUITests.xctest; sourceTree = BUILT_PRODUCTS_DIR; };
		32E2ED902D699E8E00E15762 /* courtsideUITests.swift */ = {isa = PBXFileReference; lastKnownFileType = sourcecode.swift; path = courtsideUITests.swift; sourceTree = "<group>"; };
		32E2ED922D699E8E00E15762 /* courtsideUITestsLaunchTests.swift */ = {isa = PBXFileReference; lastKnownFileType = sourcecode.swift; path = courtsideUITestsLaunchTests.swift; sourceTree = "<group>"; };
		32EB17BC2D69AB3900BBAA50 /* AuthenticationManager.swift */ = {isa = PBXFileReference; fileEncoding = 4; lastKnownFileType = sourcecode.swift; path = AuthenticationManager.swift; sourceTree = "<group>"; };
		32EB17BD2D69AB3900BBAA50 /* GameManager.swift */ = {isa = PBXFileReference; fileEncoding = 4; lastKnownFileType = sourcecode.swift; path = GameManager.swift; sourceTree = "<group>"; };
		32EB17C32D69AB3F00BBAA50 /* HomeView.swift */ = {isa = PBXFileReference; fileEncoding = 4; lastKnownFileType = sourcecode.swift; path = HomeView.swift; sourceTree = "<group>"; };
		32EB17C42D69AB3F00BBAA50 /* SettingsView.swift */ = {isa = PBXFileReference; fileEncoding = 4; lastKnownFileType = sourcecode.swift; path = SettingsView.swift; sourceTree = "<group>"; };
		32EB17C82D69AB3F00BBAA50 /* AuthenticationView.swift */ = {isa = PBXFileReference; fileEncoding = 4; lastKnownFileType = sourcecode.swift; path = AuthenticationView.swift; sourceTree = "<group>"; };
		32EB17C92D69AB3F00BBAA50 /* SignUpView.swift */ = {isa = PBXFileReference; fileEncoding = 4; lastKnownFileType = sourcecode.swift; path = SignUpView.swift; sourceTree = "<group>"; };
		32EB17CA2D69AB3F00BBAA50 /* GameHistoryView.swift */ = {isa = PBXFileReference; fileEncoding = 4; lastKnownFileType = sourcecode.swift; path = GameHistoryView.swift; sourceTree = "<group>"; };
		32EB17DA2D69FFBA00BBAA50 /* SideMenuView.swift */ = {isa = PBXFileReference; lastKnownFileType = sourcecode.swift; path = SideMenuView.swift; sourceTree = "<group>"; };
		3B42BC9DCAC8330FDDD6BD0D /* Pods-courtside.debug.xcconfig */ = {isa = PBXFileReference; includeInIndex = 1; lastKnownFileType = text.xcconfig; name = "Pods-courtside.debug.xcconfig"; path = "Target Support Files/Pods-courtside/Pods-courtside.debug.xcconfig"; sourceTree = "<group>"; };
		62E68D5E2D6A3420002FE46C /* VideoPicker.swift */ = {isa = PBXFileReference; lastKnownFileType = sourcecode.swift; path = VideoPicker.swift; sourceTree = "<group>"; };
		62E68D622D6A34D2002FE46C /* VideoPlayerView.swift */ = {isa = PBXFileReference; lastKnownFileType = sourcecode.swift; path = VideoPlayerView.swift; sourceTree = "<group>"; };
		62E68D642D6A3E52002FE46C /* Info.plist */ = {isa = PBXFileReference; lastKnownFileType = text.plist.xml; path = Info.plist; sourceTree = "<group>"; };
		E03074F4770C2AD0852E5AC7 /* Pods-courtside-courtsideUITests.debug.xcconfig */ = {isa = PBXFileReference; includeInIndex = 1; lastKnownFileType = text.xcconfig; name = "Pods-courtside-courtsideUITests.debug.xcconfig"; path = "Target Support Files/Pods-courtside-courtsideUITests/Pods-courtside-courtsideUITests.debug.xcconfig"; sourceTree = "<group>"; };
		E100B1D6DE1AE7EFACE6056F /* Pods-courtside-courtsideUITests.release.xcconfig */ = {isa = PBXFileReference; includeInIndex = 1; lastKnownFileType = text.xcconfig; name = "Pods-courtside-courtsideUITests.release.xcconfig"; path = "Target Support Files/Pods-courtside-courtsideUITests/Pods-courtside-courtsideUITests.release.xcconfig"; sourceTree = "<group>"; };
		E768A6C82D69B521006659A3 /* SideMenuType.swift */ = {isa = PBXFileReference; lastKnownFileType = sourcecode.swift; path = SideMenuType.swift; sourceTree = "<group>"; };
		E768A6D22D69B6A7006659A3 /* StatsView.swift */ = {isa = PBXFileReference; lastKnownFileType = sourcecode.swift; path = StatsView.swift; sourceTree = "<group>"; };
		E768A6D42D69B6B3006659A3 /* AnalyticsView.swift */ = {isa = PBXFileReference; lastKnownFileType = sourcecode.swift; path = AnalyticsView.swift; sourceTree = "<group>"; };
		E768A6D62D69B6C0006659A3 /* FriendsView.swift */ = {isa = PBXFileReference; lastKnownFileType = sourcecode.swift; path = FriendsView.swift; sourceTree = "<group>"; };
		E768A6D82D69B6CF006659A3 /* StartGameView.swift */ = {isa = PBXFileReference; lastKnownFileType = sourcecode.swift; path = StartGameView.swift; sourceTree = "<group>"; };
		E8AB89428E2A699661BC0293 /* Pods_courtside_courtsideUITests.framework */ = {isa = PBXFileReference; explicitFileType = wrapper.framework; includeInIndex = 0; path = Pods_courtside_courtsideUITests.framework; sourceTree = BUILT_PRODUCTS_DIR; };
		FF2D72EB349B81E60D59814D /* Pods-courtside.release.xcconfig */ = {isa = PBXFileReference; includeInIndex = 1; lastKnownFileType = text.xcconfig; name = "Pods-courtside.release.xcconfig"; path = "Target Support Files/Pods-courtside/Pods-courtside.release.xcconfig"; sourceTree = "<group>"; };
/* End PBXFileReference section */

/* Begin PBXFrameworksBuildPhase section */
		32E2ED6F2D699E8D00E15762 /* Frameworks */ = {
			isa = PBXFrameworksBuildPhase;
			buildActionMask = 2147483647;
			files = (
				0612EB189AE0579F707100E4 /* Pods_courtside.framework in Frameworks */,
			);
			runOnlyForDeploymentPostprocessing = 0;
		};
		32E2ED7F2D699E8E00E15762 /* Frameworks */ = {
			isa = PBXFrameworksBuildPhase;
			buildActionMask = 2147483647;
			files = (
			);
			runOnlyForDeploymentPostprocessing = 0;
		};
		32E2ED892D699E8E00E15762 /* Frameworks */ = {
			isa = PBXFrameworksBuildPhase;
			buildActionMask = 2147483647;
			files = (
				1C1D09CA78DA1D0F133C7859 /* (null) in Frameworks */,
			);
			runOnlyForDeploymentPostprocessing = 0;
		};
/* End PBXFrameworksBuildPhase section */

/* Begin PBXGroup section */
		32E2ED692D699E8D00E15762 = {
			isa = PBXGroup;
			children = (
				3293ADA32D6A0EBC0061A7EB /* GoogleService-Info.plist */,
				62E68D642D6A3E52002FE46C /* Info.plist */,
				32E2ED742D699E8D00E15762 /* courtside */,
				32E2ED852D699E8E00E15762 /* courtsideTests */,
				32E2ED8F2D699E8E00E15762 /* courtsideUITests */,
				32E2ED732D699E8D00E15762 /* Products */,
				344A5F535CC0696B37BC2AFF /* Pods */,
				C980602D3E8E197F2831AE71 /* Frameworks */,
			);
			sourceTree = "<group>";
		};
		32E2ED732D699E8D00E15762 /* Products */ = {
			isa = PBXGroup;
			children = (
				32E2ED722D699E8D00E15762 /* courtside.app */,
				32E2ED822D699E8E00E15762 /* courtsideTests.xctest */,
				32E2ED8C2D699E8E00E15762 /* courtsideUITests.xctest */,
			);
			name = Products;
			sourceTree = "<group>";
		};
		32E2ED742D699E8D00E15762 /* courtside */ = {
			isa = PBXGroup;
			children = (
				E768A6C72D69B50C006659A3 /* Models */,
				32EB17C22D69AB3F00BBAA50 /* Views */,
				32EB17BB2D69AB3900BBAA50 /* Managers */,
				32E2ED752D699E8D00E15762 /* courtsideApp.swift */,
				32E2ED772D699E8D00E15762 /* ContentView.swift */,
				32E2ED792D699E8E00E15762 /* Assets.xcassets */,
				32E2ED7B2D699E8E00E15762 /* Preview Content */,
			);
			path = courtside;
			sourceTree = "<group>";
		};
		32E2ED7B2D699E8E00E15762 /* Preview Content */ = {
			isa = PBXGroup;
			children = (
				32E2ED7C2D699E8E00E15762 /* Preview Assets.xcassets */,
			);
			path = "Preview Content";
			sourceTree = "<group>";
		};
		32E2ED852D699E8E00E15762 /* courtsideTests */ = {
			isa = PBXGroup;
			children = (
				32E2ED862D699E8E00E15762 /* courtsideTests.swift */,
			);
			path = courtsideTests;
			sourceTree = "<group>";
		};
		32E2ED8F2D699E8E00E15762 /* courtsideUITests */ = {
			isa = PBXGroup;
			children = (
				32E2ED902D699E8E00E15762 /* courtsideUITests.swift */,
				32E2ED922D699E8E00E15762 /* courtsideUITestsLaunchTests.swift */,
			);
			path = courtsideUITests;
			sourceTree = "<group>";
		};
		32EB17BB2D69AB3900BBAA50 /* Managers */ = {
			isa = PBXGroup;
			children = (
				32EB17BC2D69AB3900BBAA50 /* AuthenticationManager.swift */,
				32EB17BD2D69AB3900BBAA50 /* GameManager.swift */,
				3287A8C02D6A24DB00B8E60C /* FirestoreManager.swift */,
			);
			path = Managers;
			sourceTree = "<group>";
		};
		32EB17C22D69AB3F00BBAA50 /* Views */ = {
			isa = PBXGroup;
			children = (
				32EB17C32D69AB3F00BBAA50 /* HomeView.swift */,
				32EB17C42D69AB3F00BBAA50 /* SettingsView.swift */,
				32EB17C72D69AB3F00BBAA50 /* Authentication */,
				32EB17CA2D69AB3F00BBAA50 /* GameHistoryView.swift */,
				E768A6D22D69B6A7006659A3 /* StatsView.swift */,
				E768A6D42D69B6B3006659A3 /* AnalyticsView.swift */,
				E768A6D62D69B6C0006659A3 /* FriendsView.swift */,
				E768A6D82D69B6CF006659A3 /* StartGameView.swift */,
				32EB17DA2D69FFBA00BBAA50 /* SideMenuView.swift */,
				62E68D5E2D6A3420002FE46C /* VideoPicker.swift */,
				62E68D622D6A34D2002FE46C /* VideoPlayerView.swift */,
				320BA8742D6A955300E49277 /* RealTimeClipView.swift */,
			);
			path = Views;
			sourceTree = "<group>";
		};
		32EB17C72D69AB3F00BBAA50 /* Authentication */ = {
			isa = PBXGroup;
			children = (
				32EB17C82D69AB3F00BBAA50 /* AuthenticationView.swift */,
				32EB17C92D69AB3F00BBAA50 /* SignUpView.swift */,
			);
			path = Authentication;
			sourceTree = "<group>";
		};
		344A5F535CC0696B37BC2AFF /* Pods */ = {
			isa = PBXGroup;
			children = (
				3B42BC9DCAC8330FDDD6BD0D /* Pods-courtside.debug.xcconfig */,
				FF2D72EB349B81E60D59814D /* Pods-courtside.release.xcconfig */,
				E03074F4770C2AD0852E5AC7 /* Pods-courtside-courtsideUITests.debug.xcconfig */,
				E100B1D6DE1AE7EFACE6056F /* Pods-courtside-courtsideUITests.release.xcconfig */,
				0FD2CF0963BB2059FB588009 /* Pods-courtsideTests.debug.xcconfig */,
				2E315048AC9D4710C23AF222 /* Pods-courtsideTests.release.xcconfig */,
			);
			path = Pods;
			sourceTree = "<group>";
		};
		C980602D3E8E197F2831AE71 /* Frameworks */ = {
			isa = PBXGroup;
			children = (
				07F3624BA8D12B8BCA06881C /* Pods_courtside.framework */,
				E8AB89428E2A699661BC0293 /* Pods_courtside_courtsideUITests.framework */,
			);
			name = Frameworks;
			sourceTree = "<group>";
		};
		E768A6C72D69B50C006659A3 /* Models */ = {
			isa = PBXGroup;
			children = (
				E768A6C82D69B521006659A3 /* SideMenuType.swift */,
				3287A8C22D6A25DD00B8E60C /* ShotModel.swift */,
				3287A8C42D6A25F000B8E60C /* GameModel.swift */,
				3287A8C62D6A260100B8E60C /* UserModel.swift */,
			);
			path = Models;
			sourceTree = "<group>";
		};
/* End PBXGroup section */

/* Begin PBXNativeTarget section */
		32E2ED712D699E8D00E15762 /* courtside */ = {
			isa = PBXNativeTarget;
			buildConfigurationList = 32E2ED962D699E8E00E15762 /* Build configuration list for PBXNativeTarget "courtside" */;
			buildPhases = (
				4C6E10B953FC12D2ED2F1CA5 /* [CP] Check Pods Manifest.lock */,
				32E2ED6E2D699E8D00E15762 /* Sources */,
				32E2ED6F2D699E8D00E15762 /* Frameworks */,
				32E2ED702D699E8D00E15762 /* Resources */,
				58045D6201768359F35885AC /* [CP] Embed Pods Frameworks */,
			);
			buildRules = (
			);
			dependencies = (
			);
			name = courtside;
			packageProductDependencies = (
			);
			productName = courtside;
			productReference = 32E2ED722D699E8D00E15762 /* courtside.app */;
			productType = "com.apple.product-type.application";
		};
		32E2ED812D699E8E00E15762 /* courtsideTests */ = {
			isa = PBXNativeTarget;
			buildConfigurationList = 32E2ED992D699E8E00E15762 /* Build configuration list for PBXNativeTarget "courtsideTests" */;
			buildPhases = (
				9EB8DB62BEC22D87F134F315 /* [CP] Check Pods Manifest.lock */,
				32E2ED7E2D699E8E00E15762 /* Sources */,
				32E2ED7F2D699E8E00E15762 /* Frameworks */,
				32E2ED802D699E8E00E15762 /* Resources */,
			);
			buildRules = (
			);
			dependencies = (
				32E2ED842D699E8E00E15762 /* PBXTargetDependency */,
			);
			name = courtsideTests;
			productName = courtsideTests;
			productReference = 32E2ED822D699E8E00E15762 /* courtsideTests.xctest */;
			productType = "com.apple.product-type.bundle.unit-test";
		};
		32E2ED8B2D699E8E00E15762 /* courtsideUITests */ = {
			isa = PBXNativeTarget;
			buildConfigurationList = 32E2ED9C2D699E8E00E15762 /* Build configuration list for PBXNativeTarget "courtsideUITests" */;
			buildPhases = (
				CBC21968FEB3A12E52008831 /* [CP] Check Pods Manifest.lock */,
				32E2ED882D699E8E00E15762 /* Sources */,
				32E2ED892D699E8E00E15762 /* Frameworks */,
				32E2ED8A2D699E8E00E15762 /* Resources */,
				F712F3CCCD3CB9F848B464F9 /* [CP] Embed Pods Frameworks */,
			);
			buildRules = (
			);
			dependencies = (
				32E2ED8E2D699E8E00E15762 /* PBXTargetDependency */,
			);
			name = courtsideUITests;
			productName = courtsideUITests;
			productReference = 32E2ED8C2D699E8E00E15762 /* courtsideUITests.xctest */;
			productType = "com.apple.product-type.bundle.ui-testing";
		};
/* End PBXNativeTarget section */

/* Begin PBXProject section */
		32E2ED6A2D699E8D00E15762 /* Project object */ = {
			isa = PBXProject;
			attributes = {
				BuildIndependentTargetsInParallel = 1;
				LastSwiftUpdateCheck = 1320;
				LastUpgradeCheck = 1320;
				TargetAttributes = {
					32E2ED712D699E8D00E15762 = {
						CreatedOnToolsVersion = 13.2.1;
					};
					32E2ED812D699E8E00E15762 = {
						CreatedOnToolsVersion = 13.2.1;
						TestTargetID = 32E2ED712D699E8D00E15762;
					};
					32E2ED8B2D699E8E00E15762 = {
						CreatedOnToolsVersion = 13.2.1;
						TestTargetID = 32E2ED712D699E8D00E15762;
					};
				};
			};
			buildConfigurationList = 32E2ED6D2D699E8D00E15762 /* Build configuration list for PBXProject "courtside" */;
			compatibilityVersion = "Xcode 13.0";
			developmentRegion = en;
			hasScannedForEncodings = 0;
			knownRegions = (
				en,
				Base,
			);
			mainGroup = 32E2ED692D699E8D00E15762;
			packageReferences = (
			);
			productRefGroup = 32E2ED732D699E8D00E15762 /* Products */;
			projectDirPath = "";
			projectRoot = "";
			targets = (
				32E2ED712D699E8D00E15762 /* courtside */,
				32E2ED812D699E8E00E15762 /* courtsideTests */,
				32E2ED8B2D699E8E00E15762 /* courtsideUITests */,
			);
		};
/* End PBXProject section */

/* Begin PBXResourcesBuildPhase section */
		32E2ED702D699E8D00E15762 /* Resources */ = {
			isa = PBXResourcesBuildPhase;
			buildActionMask = 2147483647;
			files = (
				32E2ED7D2D699E8E00E15762 /* Preview Assets.xcassets in Resources */,
				32E2ED7A2D699E8E00E15762 /* Assets.xcassets in Resources */,
				3293ADA42D6A0EBC0061A7EB /* GoogleService-Info.plist in Resources */,
			);
			runOnlyForDeploymentPostprocessing = 0;
		};
		32E2ED802D699E8E00E15762 /* Resources */ = {
			isa = PBXResourcesBuildPhase;
			buildActionMask = 2147483647;
			files = (
			);
			runOnlyForDeploymentPostprocessing = 0;
		};
		32E2ED8A2D699E8E00E15762 /* Resources */ = {
			isa = PBXResourcesBuildPhase;
			buildActionMask = 2147483647;
			files = (
			);
			runOnlyForDeploymentPostprocessing = 0;
		};
/* End PBXResourcesBuildPhase section */

/* Begin PBXShellScriptBuildPhase section */
		4C6E10B953FC12D2ED2F1CA5 /* [CP] Check Pods Manifest.lock */ = {
			isa = PBXShellScriptBuildPhase;
			buildActionMask = 2147483647;
			files = (
			);
			inputFileListPaths = (
			);
			inputPaths = (
				"${PODS_PODFILE_DIR_PATH}/Podfile.lock",
				"${PODS_ROOT}/Manifest.lock",
			);
			name = "[CP] Check Pods Manifest.lock";
			outputFileListPaths = (
			);
			outputPaths = (
				"$(DERIVED_FILE_DIR)/Pods-courtside-checkManifestLockResult.txt",
			);
			runOnlyForDeploymentPostprocessing = 0;
			shellPath = /bin/sh;
			shellScript = "diff \"${PODS_PODFILE_DIR_PATH}/Podfile.lock\" \"${PODS_ROOT}/Manifest.lock\" > /dev/null\nif [ $? != 0 ] ; then\n    # print error to STDERR\n    echo \"error: The sandbox is not in sync with the Podfile.lock. Run 'pod install' or update your CocoaPods installation.\" >&2\n    exit 1\nfi\n# This output is used by Xcode 'outputs' to avoid re-running this script phase.\necho \"SUCCESS\" > \"${SCRIPT_OUTPUT_FILE_0}\"\n";
			showEnvVarsInLog = 0;
		};
		58045D6201768359F35885AC /* [CP] Embed Pods Frameworks */ = {
			isa = PBXShellScriptBuildPhase;
			buildActionMask = 2147483647;
			files = (
			);
			inputFileListPaths = (
				"${PODS_ROOT}/Target Support Files/Pods-courtside/Pods-courtside-frameworks-${CONFIGURATION}-input-files.xcfilelist",
			);
			name = "[CP] Embed Pods Frameworks";
			outputFileListPaths = (
				"${PODS_ROOT}/Target Support Files/Pods-courtside/Pods-courtside-frameworks-${CONFIGURATION}-output-files.xcfilelist",
			);
			runOnlyForDeploymentPostprocessing = 0;
			shellPath = /bin/sh;
			shellScript = "\"${PODS_ROOT}/Target Support Files/Pods-courtside/Pods-courtside-frameworks.sh\"\n";
			showEnvVarsInLog = 0;
		};
		9EB8DB62BEC22D87F134F315 /* [CP] Check Pods Manifest.lock */ = {
			isa = PBXShellScriptBuildPhase;
			buildActionMask = 2147483647;
			files = (
			);
			inputFileListPaths = (
			);
			inputPaths = (
				"${PODS_PODFILE_DIR_PATH}/Podfile.lock",
				"${PODS_ROOT}/Manifest.lock",
			);
			name = "[CP] Check Pods Manifest.lock";
			outputFileListPaths = (
			);
			outputPaths = (
				"$(DERIVED_FILE_DIR)/Pods-courtsideTests-checkManifestLockResult.txt",
			);
			runOnlyForDeploymentPostprocessing = 0;
			shellPath = /bin/sh;
			shellScript = "diff \"${PODS_PODFILE_DIR_PATH}/Podfile.lock\" \"${PODS_ROOT}/Manifest.lock\" > /dev/null\nif [ $? != 0 ] ; then\n    # print error to STDERR\n    echo \"error: The sandbox is not in sync with the Podfile.lock. Run 'pod install' or update your CocoaPods installation.\" >&2\n    exit 1\nfi\n# This output is used by Xcode 'outputs' to avoid re-running this script phase.\necho \"SUCCESS\" > \"${SCRIPT_OUTPUT_FILE_0}\"\n";
			showEnvVarsInLog = 0;
		};
		CBC21968FEB3A12E52008831 /* [CP] Check Pods Manifest.lock */ = {
			isa = PBXShellScriptBuildPhase;
			buildActionMask = 2147483647;
			files = (
			);
			inputFileListPaths = (
			);
			inputPaths = (
				"${PODS_PODFILE_DIR_PATH}/Podfile.lock",
				"${PODS_ROOT}/Manifest.lock",
			);
			name = "[CP] Check Pods Manifest.lock";
			outputFileListPaths = (
			);
			outputPaths = (
				"$(DERIVED_FILE_DIR)/Pods-courtside-courtsideUITests-checkManifestLockResult.txt",
			);
			runOnlyForDeploymentPostprocessing = 0;
			shellPath = /bin/sh;
			shellScript = "diff \"${PODS_PODFILE_DIR_PATH}/Podfile.lock\" \"${PODS_ROOT}/Manifest.lock\" > /dev/null\nif [ $? != 0 ] ; then\n    # print error to STDERR\n    echo \"error: The sandbox is not in sync with the Podfile.lock. Run 'pod install' or update your CocoaPods installation.\" >&2\n    exit 1\nfi\n# This output is used by Xcode 'outputs' to avoid re-running this script phase.\necho \"SUCCESS\" > \"${SCRIPT_OUTPUT_FILE_0}\"\n";
			showEnvVarsInLog = 0;
		};
		F712F3CCCD3CB9F848B464F9 /* [CP] Embed Pods Frameworks */ = {
			isa = PBXShellScriptBuildPhase;
			buildActionMask = 2147483647;
			files = (
			);
			inputFileListPaths = (
				"${PODS_ROOT}/Target Support Files/Pods-courtside-courtsideUITests/Pods-courtside-courtsideUITests-frameworks-${CONFIGURATION}-input-files.xcfilelist",
			);
			name = "[CP] Embed Pods Frameworks";
			outputFileListPaths = (
				"${PODS_ROOT}/Target Support Files/Pods-courtside-courtsideUITests/Pods-courtside-courtsideUITests-frameworks-${CONFIGURATION}-output-files.xcfilelist",
			);
			runOnlyForDeploymentPostprocessing = 0;
			shellPath = /bin/sh;
			shellScript = "\"${PODS_ROOT}/Target Support Files/Pods-courtside-courtsideUITests/Pods-courtside-courtsideUITests-frameworks.sh\"\n";
			showEnvVarsInLog = 0;
		};
/* End PBXShellScriptBuildPhase section */

/* Begin PBXSourcesBuildPhase section */
		32E2ED6E2D699E8D00E15762 /* Sources */ = {
			isa = PBXSourcesBuildPhase;
			buildActionMask = 2147483647;
			files = (
				E768A6D92D69B6CF006659A3 /* StartGameView.swift in Sources */,
				3287A8C32D6A25DD00B8E60C /* ShotModel.swift in Sources */,
				62E68D5F2D6A3420002FE46C /* VideoPicker.swift in Sources */,
				E768A6D52D69B6B3006659A3 /* AnalyticsView.swift in Sources */,
				62E68D632D6A34D2002FE46C /* VideoPlayerView.swift in Sources */,
				32EB17CC2D69AB4000BBAA50 /* SettingsView.swift in Sources */,
				E768A6C92D69B521006659A3 /* SideMenuType.swift in Sources */,
				32EB17BF2D69AB3900BBAA50 /* AuthenticationManager.swift in Sources */,
				32EB17CF2D69AB4000BBAA50 /* AuthenticationView.swift in Sources */,
				32EB17D02D69AB4000BBAA50 /* SignUpView.swift in Sources */,
				32EB17C02D69AB3900BBAA50 /* GameManager.swift in Sources */,
				320BA8752D6A955300E49277 /* RealTimeClipView.swift in Sources */,
				E768A6D72D69B6C0006659A3 /* FriendsView.swift in Sources */,
				32EB17D12D69AB4000BBAA50 /* GameHistoryView.swift in Sources */,
				3287A8C52D6A25F000B8E60C /* GameModel.swift in Sources */,
				32E2ED782D699E8D00E15762 /* ContentView.swift in Sources */,
				E768A6D32D69B6A7006659A3 /* StatsView.swift in Sources */,
				32EB17DB2D69FFBA00BBAA50 /* SideMenuView.swift in Sources */,
				3287A8C72D6A260100B8E60C /* UserModel.swift in Sources */,
				32E2ED762D699E8D00E15762 /* courtsideApp.swift in Sources */,
				32EB17CB2D69AB4000BBAA50 /* HomeView.swift in Sources */,
				3287A8C12D6A24DB00B8E60C /* FirestoreManager.swift in Sources */,
			);
			runOnlyForDeploymentPostprocessing = 0;
		};
		32E2ED7E2D699E8E00E15762 /* Sources */ = {
			isa = PBXSourcesBuildPhase;
			buildActionMask = 2147483647;
			files = (
				32E2ED872D699E8E00E15762 /* courtsideTests.swift in Sources */,
			);
			runOnlyForDeploymentPostprocessing = 0;
		};
		32E2ED882D699E8E00E15762 /* Sources */ = {
			isa = PBXSourcesBuildPhase;
			buildActionMask = 2147483647;
			files = (
				32E2ED912D699E8E00E15762 /* courtsideUITests.swift in Sources */,
				32E2ED932D699E8E00E15762 /* courtsideUITestsLaunchTests.swift in Sources */,
			);
			runOnlyForDeploymentPostprocessing = 0;
		};
/* End PBXSourcesBuildPhase section */

/* Begin PBXTargetDependency section */
		32E2ED842D699E8E00E15762 /* PBXTargetDependency */ = {
			isa = PBXTargetDependency;
			target = 32E2ED712D699E8D00E15762 /* courtside */;
			targetProxy = 32E2ED832D699E8E00E15762 /* PBXContainerItemProxy */;
		};
		32E2ED8E2D699E8E00E15762 /* PBXTargetDependency */ = {
			isa = PBXTargetDependency;
			target = 32E2ED712D699E8D00E15762 /* courtside */;
			targetProxy = 32E2ED8D2D699E8E00E15762 /* PBXContainerItemProxy */;
		};
/* End PBXTargetDependency section */

/* Begin XCBuildConfiguration section */
		32E2ED942D699E8E00E15762 /* Debug */ = {
			isa = XCBuildConfiguration;
			buildSettings = {
				ALWAYS_SEARCH_USER_PATHS = NO;
				CLANG_ANALYZER_NONNULL = YES;
				CLANG_ANALYZER_NUMBER_OBJECT_CONVERSION = YES_AGGRESSIVE;
				CLANG_CXX_LANGUAGE_STANDARD = "gnu++17";
				CLANG_CXX_LIBRARY = "libc++";
				CLANG_ENABLE_MODULES = YES;
				CLANG_ENABLE_OBJC_ARC = YES;
				CLANG_ENABLE_OBJC_WEAK = YES;
				CLANG_WARN_BLOCK_CAPTURE_AUTORELEASING = YES;
				CLANG_WARN_BOOL_CONVERSION = YES;
				CLANG_WARN_COMMA = YES;
				CLANG_WARN_CONSTANT_CONVERSION = YES;
				CLANG_WARN_DEPRECATED_OBJC_IMPLEMENTATIONS = YES;
				CLANG_WARN_DIRECT_OBJC_ISA_USAGE = YES_ERROR;
				CLANG_WARN_DOCUMENTATION_COMMENTS = YES;
				CLANG_WARN_EMPTY_BODY = YES;
				CLANG_WARN_ENUM_CONVERSION = YES;
				CLANG_WARN_INFINITE_RECURSION = YES;
				CLANG_WARN_INT_CONVERSION = YES;
				CLANG_WARN_NON_LITERAL_NULL_CONVERSION = YES;
				CLANG_WARN_OBJC_IMPLICIT_RETAIN_SELF = YES;
				CLANG_WARN_OBJC_LITERAL_CONVERSION = YES;
				CLANG_WARN_OBJC_ROOT_CLASS = YES_ERROR;
				CLANG_WARN_QUOTED_INCLUDE_IN_FRAMEWORK_HEADER = YES;
				CLANG_WARN_RANGE_LOOP_ANALYSIS = YES;
				CLANG_WARN_STRICT_PROTOTYPES = YES;
				CLANG_WARN_SUSPICIOUS_MOVE = YES;
				CLANG_WARN_UNGUARDED_AVAILABILITY = YES_AGGRESSIVE;
				CLANG_WARN_UNREACHABLE_CODE = YES;
				CLANG_WARN__DUPLICATE_METHOD_MATCH = YES;
				COPY_PHASE_STRIP = NO;
				DEBUG_INFORMATION_FORMAT = dwarf;
				ENABLE_STRICT_OBJC_MSGSEND = YES;
				ENABLE_TESTABILITY = YES;
				GCC_C_LANGUAGE_STANDARD = gnu11;
				GCC_DYNAMIC_NO_PIC = NO;
				GCC_NO_COMMON_BLOCKS = YES;
				GCC_OPTIMIZATION_LEVEL = 0;
				GCC_PREPROCESSOR_DEFINITIONS = (
					"DEBUG=1",
					"$(inherited)",
				);
				GCC_WARN_64_TO_32_BIT_CONVERSION = YES;
				GCC_WARN_ABOUT_RETURN_TYPE = YES_ERROR;
				GCC_WARN_UNDECLARED_SELECTOR = YES;
				GCC_WARN_UNINITIALIZED_AUTOS = YES_AGGRESSIVE;
				GCC_WARN_UNUSED_FUNCTION = YES;
				GCC_WARN_UNUSED_VARIABLE = YES;
				INFOPLIST_FILE = "$(SRCROOT)/Info.plist";
				IPHONEOS_DEPLOYMENT_TARGET = 15.2;
				MTL_ENABLE_DEBUG_INFO = INCLUDE_SOURCE;
				MTL_FAST_MATH = YES;
				ONLY_ACTIVE_ARCH = YES;
				SDKROOT = iphoneos;
				SWIFT_ACTIVE_COMPILATION_CONDITIONS = DEBUG;
				SWIFT_OPTIMIZATION_LEVEL = "-Onone";
			};
			name = Debug;
		};
		32E2ED952D699E8E00E15762 /* Release */ = {
			isa = XCBuildConfiguration;
			buildSettings = {
				ALWAYS_SEARCH_USER_PATHS = NO;
				CLANG_ANALYZER_NONNULL = YES;
				CLANG_ANALYZER_NUMBER_OBJECT_CONVERSION = YES_AGGRESSIVE;
				CLANG_CXX_LANGUAGE_STANDARD = "gnu++17";
				CLANG_CXX_LIBRARY = "libc++";
				CLANG_ENABLE_MODULES = YES;
				CLANG_ENABLE_OBJC_ARC = YES;
				CLANG_ENABLE_OBJC_WEAK = YES;
				CLANG_WARN_BLOCK_CAPTURE_AUTORELEASING = YES;
				CLANG_WARN_BOOL_CONVERSION = YES;
				CLANG_WARN_COMMA = YES;
				CLANG_WARN_CONSTANT_CONVERSION = YES;
				CLANG_WARN_DEPRECATED_OBJC_IMPLEMENTATIONS = YES;
				CLANG_WARN_DIRECT_OBJC_ISA_USAGE = YES_ERROR;
				CLANG_WARN_DOCUMENTATION_COMMENTS = YES;
				CLANG_WARN_EMPTY_BODY = YES;
				CLANG_WARN_ENUM_CONVERSION = YES;
				CLANG_WARN_INFINITE_RECURSION = YES;
				CLANG_WARN_INT_CONVERSION = YES;
				CLANG_WARN_NON_LITERAL_NULL_CONVERSION = YES;
				CLANG_WARN_OBJC_IMPLICIT_RETAIN_SELF = YES;
				CLANG_WARN_OBJC_LITERAL_CONVERSION = YES;
				CLANG_WARN_OBJC_ROOT_CLASS = YES_ERROR;
				CLANG_WARN_QUOTED_INCLUDE_IN_FRAMEWORK_HEADER = YES;
				CLANG_WARN_RANGE_LOOP_ANALYSIS = YES;
				CLANG_WARN_STRICT_PROTOTYPES = YES;
				CLANG_WARN_SUSPICIOUS_MOVE = YES;
				CLANG_WARN_UNGUARDED_AVAILABILITY = YES_AGGRESSIVE;
				CLANG_WARN_UNREACHABLE_CODE = YES;
				CLANG_WARN__DUPLICATE_METHOD_MATCH = YES;
				COPY_PHASE_STRIP = NO;
				DEBUG_INFORMATION_FORMAT = "dwarf-with-dsym";
				ENABLE_NS_ASSERTIONS = NO;
				ENABLE_STRICT_OBJC_MSGSEND = YES;
				GCC_C_LANGUAGE_STANDARD = gnu11;
				GCC_NO_COMMON_BLOCKS = YES;
				GCC_WARN_64_TO_32_BIT_CONVERSION = YES;
				GCC_WARN_ABOUT_RETURN_TYPE = YES_ERROR;
				GCC_WARN_UNDECLARED_SELECTOR = YES;
				GCC_WARN_UNINITIALIZED_AUTOS = YES_AGGRESSIVE;
				GCC_WARN_UNUSED_FUNCTION = YES;
				GCC_WARN_UNUSED_VARIABLE = YES;
				INFOPLIST_FILE = "$(SRCROOT)/Info.plist";
				IPHONEOS_DEPLOYMENT_TARGET = 15.2;
				MTL_ENABLE_DEBUG_INFO = NO;
				MTL_FAST_MATH = YES;
				SDKROOT = iphoneos;
				SWIFT_COMPILATION_MODE = wholemodule;
				SWIFT_OPTIMIZATION_LEVEL = "-O";
				VALIDATE_PRODUCT = YES;
			};
			name = Release;
		};
		32E2ED972D699E8E00E15762 /* Debug */ = {
			isa = XCBuildConfiguration;
			baseConfigurationReference = 3B42BC9DCAC8330FDDD6BD0D /* Pods-courtside.debug.xcconfig */;
			buildSettings = {
				ASSETCATALOG_COMPILER_APPICON_NAME = AppIcon;
				ASSETCATALOG_COMPILER_GLOBAL_ACCENT_COLOR_NAME = AccentColor;
				CODE_SIGN_STYLE = Automatic;
				CURRENT_PROJECT_VERSION = 1;
				DEVELOPMENT_ASSET_PATHS = "\"courtside/Preview Content\"";
				DEVELOPMENT_TEAM = 6RCSWL5L9W;
				ENABLE_PREVIEWS = YES;
				GENERATE_INFOPLIST_FILE = YES;
				INFOPLIST_KEY_NSCameraUsageDescription = "We need access to your camera to record videos.";
				INFOPLIST_KEY_NSMicrophoneUsageDescription = "We need access to your microphone to record audio with the video.";
				INFOPLIST_KEY_UIApplicationSceneManifest_Generation = YES;
				INFOPLIST_KEY_UIApplicationSupportsIndirectInputEvents = YES;
				INFOPLIST_KEY_UILaunchScreen_Generation = YES;
				INFOPLIST_KEY_UISupportedInterfaceOrientations_iPad = "UIInterfaceOrientationPortrait UIInterfaceOrientationPortraitUpsideDown UIInterfaceOrientationLandscapeLeft UIInterfaceOrientationLandscapeRight";
				INFOPLIST_KEY_UISupportedInterfaceOrientations_iPhone = "UIInterfaceOrientationPortrait UIInterfaceOrientationLandscapeLeft UIInterfaceOrientationLandscapeRight";
				LD_RUNPATH_SEARCH_PATHS = (
					"$(inherited)",
					"@executable_path/Frameworks",
				);
				MARKETING_VERSION = 1.0;
				PRODUCT_BUNDLE_IDENTIFIER = courtside;
				PRODUCT_NAME = "$(TARGET_NAME)";
				SWIFT_EMIT_LOC_STRINGS = YES;
				SWIFT_VERSION = 5.0;
				TARGETED_DEVICE_FAMILY = "1,2";
				m = m;
			};
			name = Debug;
		};
		32E2ED982D699E8E00E15762 /* Release */ = {
			isa = XCBuildConfiguration;
			baseConfigurationReference = FF2D72EB349B81E60D59814D /* Pods-courtside.release.xcconfig */;
			buildSettings = {
				ASSETCATALOG_COMPILER_APPICON_NAME = AppIcon;
				ASSETCATALOG_COMPILER_GLOBAL_ACCENT_COLOR_NAME = AccentColor;
				CODE_SIGN_STYLE = Automatic;
				CURRENT_PROJECT_VERSION = 1;
				DEVELOPMENT_ASSET_PATHS = "\"courtside/Preview Content\"";
				DEVELOPMENT_TEAM = 6RCSWL5L9W;
				ENABLE_PREVIEWS = YES;
				GENERATE_INFOPLIST_FILE = YES;
				INFOPLIST_KEY_NSCameraUsageDescription = "We need access to your camera to record videos.";
				INFOPLIST_KEY_NSMicrophoneUsageDescription = "We need access to your microphone to record audio with the video.";
				INFOPLIST_KEY_UIApplicationSceneManifest_Generation = YES;
				INFOPLIST_KEY_UIApplicationSupportsIndirectInputEvents = YES;
				INFOPLIST_KEY_UILaunchScreen_Generation = YES;
				INFOPLIST_KEY_UISupportedInterfaceOrientations_iPad = "UIInterfaceOrientationPortrait UIInterfaceOrientationPortraitUpsideDown UIInterfaceOrientationLandscapeLeft UIInterfaceOrientationLandscapeRight";
				INFOPLIST_KEY_UISupportedInterfaceOrientations_iPhone = "UIInterfaceOrientationPortrait UIInterfaceOrientationLandscapeLeft UIInterfaceOrientationLandscapeRight";
				LD_RUNPATH_SEARCH_PATHS = (
					"$(inherited)",
					"@executable_path/Frameworks",
				);
				MARKETING_VERSION = 1.0;
				PRODUCT_BUNDLE_IDENTIFIER = courtside;
				PRODUCT_NAME = "$(TARGET_NAME)";
				SWIFT_EMIT_LOC_STRINGS = YES;
				SWIFT_VERSION = 5.0;
				TARGETED_DEVICE_FAMILY = "1,2";
				m = m;
			};
			name = Release;
		};
		32E2ED9A2D699E8E00E15762 /* Debug */ = {
			isa = XCBuildConfiguration;
			baseConfigurationReference = 0FD2CF0963BB2059FB588009 /* Pods-courtsideTests.debug.xcconfig */;
			buildSettings = {
				ALWAYS_EMBED_SWIFT_STANDARD_LIBRARIES = YES;
				BUNDLE_LOADER = "$(TEST_HOST)";
				CODE_SIGN_STYLE = Automatic;
				CURRENT_PROJECT_VERSION = 1;
				DEVELOPMENT_TEAM = PF4MU983T9;
				GENERATE_INFOPLIST_FILE = YES;
				IPHONEOS_DEPLOYMENT_TARGET = 15.2;
				MARKETING_VERSION = 1.0;
				PRODUCT_BUNDLE_IDENTIFIER = hacklytics.courtsideTests;
				PRODUCT_NAME = "$(TARGET_NAME)";
				SWIFT_EMIT_LOC_STRINGS = NO;
				SWIFT_VERSION = 5.0;
				TARGETED_DEVICE_FAMILY = "1,2";
				TEST_HOST = "$(BUILT_PRODUCTS_DIR)/courtside.app/courtside";
			};
			name = Debug;
		};
		32E2ED9B2D699E8E00E15762 /* Release */ = {
			isa = XCBuildConfiguration;
			baseConfigurationReference = 2E315048AC9D4710C23AF222 /* Pods-courtsideTests.release.xcconfig */;
			buildSettings = {
				ALWAYS_EMBED_SWIFT_STANDARD_LIBRARIES = YES;
				BUNDLE_LOADER = "$(TEST_HOST)";
				CODE_SIGN_STYLE = Automatic;
				CURRENT_PROJECT_VERSION = 1;
				DEVELOPMENT_TEAM = PF4MU983T9;
				GENERATE_INFOPLIST_FILE = YES;
				IPHONEOS_DEPLOYMENT_TARGET = 15.2;
				MARKETING_VERSION = 1.0;
				PRODUCT_BUNDLE_IDENTIFIER = hacklytics.courtsideTests;
				PRODUCT_NAME = "$(TARGET_NAME)";
				SWIFT_EMIT_LOC_STRINGS = NO;
				SWIFT_VERSION = 5.0;
				TARGETED_DEVICE_FAMILY = "1,2";
				TEST_HOST = "$(BUILT_PRODUCTS_DIR)/courtside.app/courtside";
			};
			name = Release;
		};
		32E2ED9D2D699E8E00E15762 /* Debug */ = {
			isa = XCBuildConfiguration;
			baseConfigurationReference = E03074F4770C2AD0852E5AC7 /* Pods-courtside-courtsideUITests.debug.xcconfig */;
			buildSettings = {
				ALWAYS_EMBED_SWIFT_STANDARD_LIBRARIES = YES;
				CODE_SIGN_STYLE = Automatic;
				CURRENT_PROJECT_VERSION = 1;
				DEVELOPMENT_TEAM = PF4MU983T9;
				GENERATE_INFOPLIST_FILE = YES;
				MARKETING_VERSION = 1.0;
				PRODUCT_BUNDLE_IDENTIFIER = hacklytics.courtsideUITests;
				PRODUCT_NAME = "$(TARGET_NAME)";
				SWIFT_EMIT_LOC_STRINGS = NO;
				SWIFT_VERSION = 5.0;
				TARGETED_DEVICE_FAMILY = "1,2";
				TEST_TARGET_NAME = courtside;
			};
			name = Debug;
		};
		32E2ED9E2D699E8E00E15762 /* Release */ = {
			isa = XCBuildConfiguration;
			baseConfigurationReference = E100B1D6DE1AE7EFACE6056F /* Pods-courtside-courtsideUITests.release.xcconfig */;
			buildSettings = {
				ALWAYS_EMBED_SWIFT_STANDARD_LIBRARIES = YES;
				CODE_SIGN_STYLE = Automatic;
				CURRENT_PROJECT_VERSION = 1;
				DEVELOPMENT_TEAM = PF4MU983T9;
				GENERATE_INFOPLIST_FILE = YES;
				MARKETING_VERSION = 1.0;
				PRODUCT_BUNDLE_IDENTIFIER = hacklytics.courtsideUITests;
				PRODUCT_NAME = "$(TARGET_NAME)";
				SWIFT_EMIT_LOC_STRINGS = NO;
				SWIFT_VERSION = 5.0;
				TARGETED_DEVICE_FAMILY = "1,2";
				TEST_TARGET_NAME = courtside;
			};
			name = Release;
		};
/* End XCBuildConfiguration section */

/* Begin XCConfigurationList section */
		32E2ED6D2D699E8D00E15762 /* Build configuration list for PBXProject "courtside" */ = {
			isa = XCConfigurationList;
			buildConfigurations = (
				32E2ED942D699E8E00E15762 /* Debug */,
				32E2ED952D699E8E00E15762 /* Release */,
			);
			defaultConfigurationIsVisible = 0;
			defaultConfigurationName = Release;
		};
		32E2ED962D699E8E00E15762 /* Build configuration list for PBXNativeTarget "courtside" */ = {
			isa = XCConfigurationList;
			buildConfigurations = (
				32E2ED972D699E8E00E15762 /* Debug */,
				32E2ED982D699E8E00E15762 /* Release */,
			);
			defaultConfigurationIsVisible = 0;
			defaultConfigurationName = Release;
		};
		32E2ED992D699E8E00E15762 /* Build configuration list for PBXNativeTarget "courtsideTests" */ = {
			isa = XCConfigurationList;
			buildConfigurations = (
				32E2ED9A2D699E8E00E15762 /* Debug */,
				32E2ED9B2D699E8E00E15762 /* Release */,
			);
			defaultConfigurationIsVisible = 0;
			defaultConfigurationName = Release;
		};
		32E2ED9C2D699E8E00E15762 /* Build configuration list for PBXNativeTarget "courtsideUITests" */ = {
			isa = XCConfigurationList;
			buildConfigurations = (
				32E2ED9D2D699E8E00E15762 /* Debug */,
				32E2ED9E2D699E8E00E15762 /* Release */,
			);
			defaultConfigurationIsVisible = 0;
			defaultConfigurationName = Release;
		};
/* End XCConfigurationList section */
	};
	rootObject = 32E2ED6A2D699E8D00E15762 /* Project object */;
}
